// !$*UTF8*$!
{
	archiveVersion = 1;
	classes = {
	};
	objectVersion = 56;
	objects = {

/* Begin PBXBuildFile section */
		B86F58DC2CC36705004F4933 /* FlashcardAppApp.swift in Sources */ = {isa = PBXBuildFile; fileRef = B86F58DB2CC36705004F4933 /* FlashcardAppApp.swift */; };
		B86F58DE2CC36705004F4933 /* ContentView.swift in Sources */ = {isa = PBXBuildFile; fileRef = B86F58DD2CC36705004F4933 /* ContentView.swift */; };
		B86F58E02CC36709004F4933 /* Assets.xcassets in Resources */ = {isa = PBXBuildFile; fileRef = B86F58DF2CC36709004F4933 /* Assets.xcassets */; };
		B86F58E32CC36709004F4933 /* Preview Assets.xcassets in Resources */ = {isa = PBXBuildFile; fileRef = B86F58E22CC36709004F4933 /* Preview Assets.xcassets */; };
		B86F58E52CC36709004F4933 /* Persistence.swift in Sources */ = {isa = PBXBuildFile; fileRef = B86F58E42CC36709004F4933 /* Persistence.swift */; };
		B86F58E82CC36709004F4933 /* FlashcardApp.xcdatamodeld in Sources */ = {isa = PBXBuildFile; fileRef = B86F58E62CC36709004F4933 /* FlashcardApp.xcdatamodeld */; };
		B86F58F22CC3670A004F4933 /* FlashcardAppTests.swift in Sources */ = {isa = PBXBuildFile; fileRef = B86F58F12CC3670A004F4933 /* FlashcardAppTests.swift */; };
		B86F58FC2CC3670A004F4933 /* FlashcardAppUITests.swift in Sources */ = {isa = PBXBuildFile; fileRef = B86F58FB2CC3670A004F4933 /* FlashcardAppUITests.swift */; };
		B86F58FE2CC3670A004F4933 /* FlashcardAppUITestsLaunchTests.swift in Sources */ = {isa = PBXBuildFile; fileRef = B86F58FD2CC3670A004F4933 /* FlashcardAppUITestsLaunchTests.swift */; };
		B86F590B2CC36EFB004F4933 /* FlashcardCoreDataClass.swift in Sources */ = {isa = PBXBuildFile; fileRef = B86F590A2CC36EFB004F4933 /* FlashcardCoreDataClass.swift */; };
		B86F590D2CC36F31004F4933 /* FlashcardCoreDataProperties.swift in Sources */ = {isa = PBXBuildFile; fileRef = B86F590C2CC36F31004F4933 /* FlashcardCoreDataProperties.swift */; };
		B86F590F2CC36F68004F4933 /* AddFlashcardView.swift in Sources */ = {isa = PBXBuildFile; fileRef = B86F590E2CC36F68004F4933 /* AddFlashcardView.swift */; };
		B86F59112CC36F90004F4933 /* FlashcardListView.swift in Sources */ = {isa = PBXBuildFile; fileRef = B86F59102CC36F90004F4933 /* FlashcardListView.swift */; };
		B86F59132CC36FB3004F4933 /* QuizView.swift in Sources */ = {isa = PBXBuildFile; fileRef = B86F59122CC36FB3004F4933 /* QuizView.swift */; };
		B86F59152CC36FDD004F4933 /* ProgressChartView.swift in Sources */ = {isa = PBXBuildFile; fileRef = B86F59142CC36FDD004F4933 /* ProgressChartView.swift */; };
/* End PBXBuildFile section */

/* Begin PBXContainerItemProxy section */
		B86F58EE2CC3670A004F4933 /* PBXContainerItemProxy */ = {
			isa = PBXContainerItemProxy;
			containerPortal = B86F58D02CC36705004F4933 /* Project object */;
			proxyType = 1;
			remoteGlobalIDString = B86F58D72CC36705004F4933;
			remoteInfo = FlashcardApp;
		};
		B86F58F82CC3670A004F4933 /* PBXContainerItemProxy */ = {
			isa = PBXContainerItemProxy;
			containerPortal = B86F58D02CC36705004F4933 /* Project object */;
			proxyType = 1;
			remoteGlobalIDString = B86F58D72CC36705004F4933;
			remoteInfo = FlashcardApp;
		};
/* End PBXContainerItemProxy section */

/* Begin PBXFileReference section */
		B86F58D82CC36705004F4933 /* FlashcardApp.app */ = {isa = PBXFileReference; explicitFileType = wrapper.application; includeInIndex = 0; path = FlashcardApp.app; sourceTree = BUILT_PRODUCTS_DIR; };
		B86F58DB2CC36705004F4933 /* FlashcardAppApp.swift */ = {isa = PBXFileReference; lastKnownFileType = sourcecode.swift; path = FlashcardAppApp.swift; sourceTree = "<group>"; };
		B86F58DD2CC36705004F4933 /* ContentView.swift */ = {isa = PBXFileReference; lastKnownFileType = sourcecode.swift; path = ContentView.swift; sourceTree = "<group>"; };
		B86F58DF2CC36709004F4933 /* Assets.xcassets */ = {isa = PBXFileReference; lastKnownFileType = folder.assetcatalog; path = Assets.xcassets; sourceTree = "<group>"; };
		B86F58E22CC36709004F4933 /* Preview Assets.xcassets */ = {isa = PBXFileReference; lastKnownFileType = folder.assetcatalog; path = "Preview Assets.xcassets"; sourceTree = "<group>"; };
		B86F58E42CC36709004F4933 /* Persistence.swift */ = {isa = PBXFileReference; lastKnownFileType = sourcecode.swift; path = Persistence.swift; sourceTree = "<group>"; };
		B86F58E72CC36709004F4933 /* FlashcardApp.xcdatamodel */ = {isa = PBXFileReference; lastKnownFileType = wrapper.xcdatamodel; path = FlashcardApp.xcdatamodel; sourceTree = "<group>"; };
		B86F58ED2CC3670A004F4933 /* FlashcardAppTests.xctest */ = {isa = PBXFileReference; explicitFileType = wrapper.cfbundle; includeInIndex = 0; path = FlashcardAppTests.xctest; sourceTree = BUILT_PRODUCTS_DIR; };
		B86F58F12CC3670A004F4933 /* FlashcardAppTests.swift */ = {isa = PBXFileReference; lastKnownFileType = sourcecode.swift; path = FlashcardAppTests.swift; sourceTree = "<group>"; };
		B86F58F72CC3670A004F4933 /* FlashcardAppUITests.xctest */ = {isa = PBXFileReference; explicitFileType = wrapper.cfbundle; includeInIndex = 0; path = FlashcardAppUITests.xctest; sourceTree = BUILT_PRODUCTS_DIR; };
		B86F58FB2CC3670A004F4933 /* FlashcardAppUITests.swift */ = {isa = PBXFileReference; lastKnownFileType = sourcecode.swift; path = FlashcardAppUITests.swift; sourceTree = "<group>"; };
		B86F58FD2CC3670A004F4933 /* FlashcardAppUITestsLaunchTests.swift */ = {isa = PBXFileReference; lastKnownFileType = sourcecode.swift; path = FlashcardAppUITestsLaunchTests.swift; sourceTree = "<group>"; };
		B86F590A2CC36EFB004F4933 /* FlashcardCoreDataClass.swift */ = {isa = PBXFileReference; lastKnownFileType = sourcecode.swift; path = FlashcardCoreDataClass.swift; sourceTree = "<group>"; };
		B86F590C2CC36F31004F4933 /* FlashcardCoreDataProperties.swift */ = {isa = PBXFileReference; lastKnownFileType = sourcecode.swift; path = FlashcardCoreDataProperties.swift; sourceTree = "<group>"; };
		B86F590E2CC36F68004F4933 /* AddFlashcardView.swift */ = {isa = PBXFileReference; lastKnownFileType = sourcecode.swift; path = AddFlashcardView.swift; sourceTree = "<group>"; };
		B86F59102CC36F90004F4933 /* FlashcardListView.swift */ = {isa = PBXFileReference; lastKnownFileType = sourcecode.swift; path = FlashcardListView.swift; sourceTree = "<group>"; };
		B86F59122CC36FB3004F4933 /* QuizView.swift */ = {isa = PBXFileReference; lastKnownFileType = sourcecode.swift; path = QuizView.swift; sourceTree = "<group>"; };
		B86F59142CC36FDD004F4933 /* ProgressChartView.swift */ = {isa = PBXFileReference; lastKnownFileType = sourcecode.swift; path = ProgressChartView.swift; sourceTree = "<group>"; };
/* End PBXFileReference section */

/* Begin PBXFrameworksBuildPhase section */
		B86F58D52CC36705004F4933 /* Frameworks */ = {
			isa = PBXFrameworksBuildPhase;
			buildActionMask = 2147483647;
			files = (
			);
			runOnlyForDeploymentPostprocessing = 0;
		};
		B86F58EA2CC3670A004F4933 /* Frameworks */ = {
			isa = PBXFrameworksBuildPhase;
			buildActionMask = 2147483647;
			files = (
			);
			runOnlyForDeploymentPostprocessing = 0;
		};
		B86F58F42CC3670A004F4933 /* Frameworks */ = {
			isa = PBXFrameworksBuildPhase;
			buildActionMask = 2147483647;
			files = (
			);
			runOnlyForDeploymentPostprocessing = 0;
		};
/* End PBXFrameworksBuildPhase section */

/* Begin PBXGroup section */
		B86F58CF2CC36705004F4933 = {
			isa = PBXGroup;
			children = (
				B86F58DA2CC36705004F4933 /* FlashcardApp */,
				B86F58F02CC3670A004F4933 /* FlashcardAppTests */,
				B86F58FA2CC3670A004F4933 /* FlashcardAppUITests */,
				B86F58D92CC36705004F4933 /* Products */,
			);
			sourceTree = "<group>";
		};
		B86F58D92CC36705004F4933 /* Products */ = {
			isa = PBXGroup;
			children = (
				B86F58D82CC36705004F4933 /* FlashcardApp.app */,
				B86F58ED2CC3670A004F4933 /* FlashcardAppTests.xctest */,
				B86F58F72CC3670A004F4933 /* FlashcardAppUITests.xctest */,
			);
			name = Products;
			sourceTree = "<group>";
		};
		B86F58DA2CC36705004F4933 /* FlashcardApp */ = {
			isa = PBXGroup;
			children = (
				B86F58DB2CC36705004F4933 /* FlashcardAppApp.swift */,
				B86F590A2CC36EFB004F4933 /* FlashcardCoreDataClass.swift */,
				B86F590C2CC36F31004F4933 /* FlashcardCoreDataProperties.swift */,
				B86F590E2CC36F68004F4933 /* AddFlashcardView.swift */,
				B86F59102CC36F90004F4933 /* FlashcardListView.swift */,
				B86F59122CC36FB3004F4933 /* QuizView.swift */,
				B86F59142CC36FDD004F4933 /* ProgressChartView.swift */,
				B86F58DD2CC36705004F4933 /* ContentView.swift */,
				B86F58DF2CC36709004F4933 /* Assets.xcassets */,
				B86F58E42CC36709004F4933 /* Persistence.swift */,
				B86F58E62CC36709004F4933 /* FlashcardApp.xcdatamodeld */,
				B86F58E12CC36709004F4933 /* Preview Content */,
			);
			path = FlashcardApp;
			sourceTree = "<group>";
		};
		B86F58E12CC36709004F4933 /* Preview Content */ = {
			isa = PBXGroup;
			children = (
				B86F58E22CC36709004F4933 /* Preview Assets.xcassets */,
			);
			path = "Preview Content";
			sourceTree = "<group>";
		};
		B86F58F02CC3670A004F4933 /* FlashcardAppTests */ = {
			isa = PBXGroup;
			children = (
				B86F58F12CC3670A004F4933 /* FlashcardAppTests.swift */,
			);
			path = FlashcardAppTests;
			sourceTree = "<group>";
		};
		B86F58FA2CC3670A004F4933 /* FlashcardAppUITests */ = {
			isa = PBXGroup;
			children = (
				B86F58FB2CC3670A004F4933 /* FlashcardAppUITests.swift */,
				B86F58FD2CC3670A004F4933 /* FlashcardAppUITestsLaunchTests.swift */,
			);
			path = FlashcardAppUITests;
			sourceTree = "<group>";
		};
/* End PBXGroup section */

/* Begin PBXNativeTarget section */
		B86F58D72CC36705004F4933 /* FlashcardApp */ = {
			isa = PBXNativeTarget;
			buildConfigurationList = B86F59012CC3670A004F4933 /* Build configuration list for PBXNativeTarget "FlashcardApp" */;
			buildPhases = (
				B86F58D42CC36705004F4933 /* Sources */,
				B86F58D52CC36705004F4933 /* Frameworks */,
				B86F58D62CC36705004F4933 /* Resources */,
			);
			buildRules = (
			);
			dependencies = (
			);
			name = FlashcardApp;
			productName = FlashcardApp;
			productReference = B86F58D82CC36705004F4933 /* FlashcardApp.app */;
			productType = "com.apple.product-type.application";
		};
		B86F58EC2CC3670A004F4933 /* FlashcardAppTests */ = {
			isa = PBXNativeTarget;
			buildConfigurationList = B86F59042CC3670A004F4933 /* Build configuration list for PBXNativeTarget "FlashcardAppTests" */;
			buildPhases = (
				B86F58E92CC3670A004F4933 /* Sources */,
				B86F58EA2CC3670A004F4933 /* Frameworks */,
				B86F58EB2CC3670A004F4933 /* Resources */,
			);
			buildRules = (
			);
			dependencies = (
				B86F58EF2CC3670A004F4933 /* PBXTargetDependency */,
			);
			name = FlashcardAppTests;
			productName = FlashcardAppTests;
			productReference = B86F58ED2CC3670A004F4933 /* FlashcardAppTests.xctest */;
			productType = "com.apple.product-type.bundle.unit-test";
		};
		B86F58F62CC3670A004F4933 /* FlashcardAppUITests */ = {
			isa = PBXNativeTarget;
			buildConfigurationList = B86F59072CC3670A004F4933 /* Build configuration list for PBXNativeTarget "FlashcardAppUITests" */;
			buildPhases = (
				B86F58F32CC3670A004F4933 /* Sources */,
				B86F58F42CC3670A004F4933 /* Frameworks */,
				B86F58F52CC3670A004F4933 /* Resources */,
			);
			buildRules = (
			);
			dependencies = (
				B86F58F92CC3670A004F4933 /* PBXTargetDependency */,
			);
			name = FlashcardAppUITests;
			productName = FlashcardAppUITests;
			productReference = B86F58F72CC3670A004F4933 /* FlashcardAppUITests.xctest */;
			productType = "com.apple.product-type.bundle.ui-testing";
		};
/* End PBXNativeTarget section */

/* Begin PBXProject section */
		B86F58D02CC36705004F4933 /* Project object */ = {
			isa = PBXProject;
			attributes = {
				BuildIndependentTargetsInParallel = 1;
				LastSwiftUpdateCheck = 1540;
				LastUpgradeCheck = 1540;
				TargetAttributes = {
					B86F58D72CC36705004F4933 = {
						CreatedOnToolsVersion = 15.4;
					};
					B86F58EC2CC3670A004F4933 = {
						CreatedOnToolsVersion = 15.4;
						TestTargetID = B86F58D72CC36705004F4933;
					};
					B86F58F62CC3670A004F4933 = {
						CreatedOnToolsVersion = 15.4;
						TestTargetID = B86F58D72CC36705004F4933;
					};
				};
			};
			buildConfigurationList = B86F58D32CC36705004F4933 /* Build configuration list for PBXProject "FlashcardApp" */;
			compatibilityVersion = "Xcode 14.0";
			developmentRegion = en;
			hasScannedForEncodings = 0;
			knownRegions = (
				en,
				Base,
			);
			mainGroup = B86F58CF2CC36705004F4933;
			productRefGroup = B86F58D92CC36705004F4933 /* Products */;
			projectDirPath = "";
			projectRoot = "";
			targets = (
				B86F58D72CC36705004F4933 /* FlashcardApp */,
				B86F58EC2CC3670A004F4933 /* FlashcardAppTests */,
				B86F58F62CC3670A004F4933 /* FlashcardAppUITests */,
			);
		};
/* End PBXProject section */

/* Begin PBXResourcesBuildPhase section */
		B86F58D62CC36705004F4933 /* Resources */ = {
			isa = PBXResourcesBuildPhase;
			buildActionMask = 2147483647;
			files = (
				B86F58E32CC36709004F4933 /* Preview Assets.xcassets in Resources */,
				B86F58E02CC36709004F4933 /* Assets.xcassets in Resources */,
			);
			runOnlyForDeploymentPostprocessing = 0;
		};
		B86F58EB2CC3670A004F4933 /* Resources */ = {
			isa = PBXResourcesBuildPhase;
			buildActionMask = 2147483647;
			files = (
			);
			runOnlyForDeploymentPostprocessing = 0;
		};
		B86F58F52CC3670A004F4933 /* Resources */ = {
			isa = PBXResourcesBuildPhase;
			buildActionMask = 2147483647;
			files = (
			);
			runOnlyForDeploymentPostprocessing = 0;
		};
/* End PBXResourcesBuildPhase section */

/* Begin PBXSourcesBuildPhase section */
		B86F58D42CC36705004F4933 /* Sources */ = {
			isa = PBXSourcesBuildPhase;
			buildActionMask = 2147483647;
			files = (
				B86F590F2CC36F68004F4933 /* AddFlashcardView.swift in Sources */,
				B86F59112CC36F90004F4933 /* FlashcardListView.swift in Sources */,
				B86F59132CC36FB3004F4933 /* QuizView.swift in Sources */,
				B86F58E52CC36709004F4933 /* Persistence.swift in Sources */,
				B86F58DE2CC36705004F4933 /* ContentView.swift in Sources */,
				B86F590D2CC36F31004F4933 /* FlashcardCoreDataProperties.swift in Sources */,
				B86F58E82CC36709004F4933 /* FlashcardApp.xcdatamodeld in Sources */,
				B86F58DC2CC36705004F4933 /* FlashcardAppApp.swift in Sources */,
				B86F59152CC36FDD004F4933 /* ProgressChartView.swift in Sources */,
				B86F590B2CC36EFB004F4933 /* FlashcardCoreDataClass.swift in Sources */,
			);
			runOnlyForDeploymentPostprocessing = 0;
		};
		B86F58E92CC3670A004F4933 /* Sources */ = {
			isa = PBXSourcesBuildPhase;
			buildActionMask = 2147483647;
			files = (
				B86F58F22CC3670A004F4933 /* FlashcardAppTests.swift in Sources */,
			);
			runOnlyForDeploymentPostprocessing = 0;
		};
		B86F58F32CC3670A004F4933 /* Sources */ = {
			isa = PBXSourcesBuildPhase;
			buildActionMask = 2147483647;
			files = (
				B86F58FC2CC3670A004F4933 /* FlashcardAppUITests.swift in Sources */,
				B86F58FE2CC3670A004F4933 /* FlashcardAppUITestsLaunchTests.swift in Sources */,
			);
			runOnlyForDeploymentPostprocessing = 0;
		};
/* End PBXSourcesBuildPhase section */

/* Begin PBXTargetDependency section */
		B86F58EF2CC3670A004F4933 /* PBXTargetDependency */ = {
			isa = PBXTargetDependency;
			target = B86F58D72CC36705004F4933 /* FlashcardApp */;
			targetProxy = B86F58EE2CC3670A004F4933 /* PBXContainerItemProxy */;
		};
		B86F58F92CC3670A004F4933 /* PBXTargetDependency */ = {
			isa = PBXTargetDependency;
			target = B86F58D72CC36705004F4933 /* FlashcardApp */;
			targetProxy = B86F58F82CC3670A004F4933 /* PBXContainerItemProxy */;
		};
/* End PBXTargetDependency section */

/* Begin XCBuildConfiguration section */
		B86F58FF2CC3670A004F4933 /* Debug */ = {
			isa = XCBuildConfiguration;
			buildSettings = {
				ALWAYS_SEARCH_USER_PATHS = NO;
				ASSETCATALOG_COMPILER_GENERATE_SWIFT_ASSET_SYMBOL_EXTENSIONS = YES;
				CLANG_ANALYZER_NONNULL = YES;
				CLANG_ANALYZER_NUMBER_OBJECT_CONVERSION = YES_AGGRESSIVE;
				CLANG_CXX_LANGUAGE_STANDARD = "gnu++20";
				CLANG_ENABLE_MODULES = YES;
				CLANG_ENABLE_OBJC_ARC = YES;
				CLANG_ENABLE_OBJC_WEAK = YES;
				CLANG_WARN_BLOCK_CAPTURE_AUTORELEASING = YES;
				CLANG_WARN_BOOL_CONVERSION = YES;
				CLANG_WARN_COMMA = YES;
				CLANG_WARN_CONSTANT_CONVERSION = YES;
				CLANG_WARN_DEPRECATED_OBJC_IMPLEMENTATIONS = YES;
				CLANG_WARN_DIRECT_OBJC_ISA_USAGE = YES_ERROR;
				CLANG_WARN_DOCUMENTATION_COMMENTS = YES;
				CLANG_WARN_EMPTY_BODY = YES;
				CLANG_WARN_ENUM_CONVERSION = YES;
				CLANG_WARN_INFINITE_RECURSION = YES;
				CLANG_WARN_INT_CONVERSION = YES;
				CLANG_WARN_NON_LITERAL_NULL_CONVERSION = YES;
				CLANG_WARN_OBJC_IMPLICIT_RETAIN_SELF = YES;
				CLANG_WARN_OBJC_LITERAL_CONVERSION = YES;
				CLANG_WARN_OBJC_ROOT_CLASS = YES_ERROR;
				CLANG_WARN_QUOTED_INCLUDE_IN_FRAMEWORK_HEADER = YES;
				CLANG_WARN_RANGE_LOOP_ANALYSIS = YES;
				CLANG_WARN_STRICT_PROTOTYPES = YES;
				CLANG_WARN_SUSPICIOUS_MOVE = YES;
				CLANG_WARN_UNGUARDED_AVAILABILITY = YES_AGGRESSIVE;
				CLANG_WARN_UNREACHABLE_CODE = YES;
				CLANG_WARN__DUPLICATE_METHOD_MATCH = YES;
				COPY_PHASE_STRIP = NO;
				DEBUG_INFORMATION_FORMAT = dwarf;
				ENABLE_STRICT_OBJC_MSGSEND = YES;
				ENABLE_TESTABILITY = YES;
				ENABLE_USER_SCRIPT_SANDBOXING = YES;
				GCC_C_LANGUAGE_STANDARD = gnu17;
				GCC_DYNAMIC_NO_PIC = NO;
				GCC_NO_COMMON_BLOCKS = YES;
				GCC_OPTIMIZATION_LEVEL = 0;
				GCC_PREPROCESSOR_DEFINITIONS = (
					"DEBUG=1",
					"$(inherited)",
				);
				GCC_WARN_64_TO_32_BIT_CONVERSION = YES;
				GCC_WARN_ABOUT_RETURN_TYPE = YES_ERROR;
				GCC_WARN_UNDECLARED_SELECTOR = YES;
				GCC_WARN_UNINITIALIZED_AUTOS = YES_AGGRESSIVE;
				GCC_WARN_UNUSED_FUNCTION = YES;
				GCC_WARN_UNUSED_VARIABLE = YES;
				IPHONEOS_DEPLOYMENT_TARGET = 17.5;
				LOCALIZATION_PREFERS_STRING_CATALOGS = YES;
				MTL_ENABLE_DEBUG_INFO = INCLUDE_SOURCE;
				MTL_FAST_MATH = YES;
				ONLY_ACTIVE_ARCH = YES;
				SDKROOT = iphoneos;
				SWIFT_ACTIVE_COMPILATION_CONDITIONS = "DEBUG $(inherited)";
				SWIFT_OPTIMIZATION_LEVEL = "-Onone";
			};
			name = Debug;
		};
		B86F59002CC3670A004F4933 /* Release */ = {
			isa = XCBuildConfiguration;
			buildSettings = {
				ALWAYS_SEARCH_USER_PATHS = NO;
				ASSETCATALOG_COMPILER_GENERATE_SWIFT_ASSET_SYMBOL_EXTENSIONS = YES;
				CLANG_ANALYZER_NONNULL = YES;
				CLANG_ANALYZER_NUMBER_OBJECT_CONVERSION = YES_AGGRESSIVE;
				CLANG_CXX_LANGUAGE_STANDARD = "gnu++20";
				CLANG_ENABLE_MODULES = YES;
				CLANG_ENABLE_OBJC_ARC = YES;
				CLANG_ENABLE_OBJC_WEAK = YES;
				CLANG_WARN_BLOCK_CAPTURE_AUTORELEASING = YES;
				CLANG_WARN_BOOL_CONVERSION = YES;
				CLANG_WARN_COMMA = YES;
				CLANG_WARN_CONSTANT_CONVERSION = YES;
				CLANG_WARN_DEPRECATED_OBJC_IMPLEMENTATIONS = YES;
				CLANG_WARN_DIRECT_OBJC_ISA_USAGE = YES_ERROR;
				CLANG_WARN_DOCUMENTATION_COMMENTS = YES;
				CLANG_WARN_EMPTY_BODY = YES;
				CLANG_WARN_ENUM_CONVERSION = YES;
				CLANG_WARN_INFINITE_RECURSION = YES;
				CLANG_WARN_INT_CONVERSION = YES;
				CLANG_WARN_NON_LITERAL_NULL_CONVERSION = YES;
				CLANG_WARN_OBJC_IMPLICIT_RETAIN_SELF = YES;
				CLANG_WARN_OBJC_LITERAL_CONVERSION = YES;
				CLANG_WARN_OBJC_ROOT_CLASS = YES_ERROR;
				CLANG_WARN_QUOTED_INCLUDE_IN_FRAMEWORK_HEADER = YES;
				CLANG_WARN_RANGE_LOOP_ANALYSIS = YES;
				CLANG_WARN_STRICT_PROTOTYPES = YES;
				CLANG_WARN_SUSPICIOUS_MOVE = YES;
				CLANG_WARN_UNGUARDED_AVAILABILITY = YES_AGGRESSIVE;
				CLANG_WARN_UNREACHABLE_CODE = YES;
				CLANG_WARN__DUPLICATE_METHOD_MATCH = YES;
				COPY_PHASE_STRIP = NO;
				DEBUG_INFORMATION_FORMAT = "dwarf-with-dsym";
				ENABLE_NS_ASSERTIONS = NO;
				ENABLE_STRICT_OBJC_MSGSEND = YES;
				ENABLE_USER_SCRIPT_SANDBOXING = YES;
				GCC_C_LANGUAGE_STANDARD = gnu17;
				GCC_NO_COMMON_BLOCKS = YES;
				GCC_WARN_64_TO_32_BIT_CONVERSION = YES;
				GCC_WARN_ABOUT_RETURN_TYPE = YES_ERROR;
				GCC_WARN_UNDECLARED_SELECTOR = YES;
				GCC_WARN_UNINITIALIZED_AUTOS = YES_AGGRESSIVE;
				GCC_WARN_UNUSED_FUNCTION = YES;
				GCC_WARN_UNUSED_VARIABLE = YES;
				IPHONEOS_DEPLOYMENT_TARGET = 17.5;
				LOCALIZATION_PREFERS_STRING_CATALOGS = YES;
				MTL_ENABLE_DEBUG_INFO = NO;
				MTL_FAST_MATH = YES;
				SDKROOT = iphoneos;
				SWIFT_COMPILATION_MODE = wholemodule;
				VALIDATE_PRODUCT = YES;
			};
			name = Release;
		};
		B86F59022CC3670A004F4933 /* Debug */ = {
			isa = XCBuildConfiguration;
			buildSettings = {
				ASSETCATALOG_COMPILER_APPICON_NAME = AppIcon;
				ASSETCATALOG_COMPILER_GLOBAL_ACCENT_COLOR_NAME = AccentColor;
				CODE_SIGN_STYLE = Automatic;
				CURRENT_PROJECT_VERSION = 1;
				DEVELOPMENT_ASSET_PATHS = "\"FlashcardApp/Preview Content\"";
				ENABLE_PREVIEWS = YES;
				GENERATE_INFOPLIST_FILE = YES;
				INFOPLIST_KEY_UIApplicationSceneManifest_Generation = YES;
				INFOPLIST_KEY_UIApplicationSupportsIndirectInputEvents = YES;
				INFOPLIST_KEY_UILaunchScreen_Generation = YES;
				INFOPLIST_KEY_UISupportedInterfaceOrientations_iPad = "UIInterfaceOrientationPortrait UIInterfaceOrientationPortraitUpsideDown UIInterfaceOrientationLandscapeLeft UIInterfaceOrientationLandscapeRight";
				INFOPLIST_KEY_UISupportedInterfaceOrientations_iPhone = "UIInterfaceOrientationPortrait UIInterfaceOrientationLandscapeLeft UIInterfaceOrientationLandscapeRight";
				LD_RUNPATH_SEARCH_PATHS = (
					"$(inherited)",
					"@executable_path/Frameworks",
				);
				MARKETING_VERSION = 1.0;
				PRODUCT_BUNDLE_IDENTIFIER = ABC.FlashcardApp;
				PRODUCT_NAME = "$(TARGET_NAME)";
				SWIFT_EMIT_LOC_STRINGS = YES;
				SWIFT_VERSION = 5.0;
				TARGETED_DEVICE_FAMILY = "1,2";
			};
			name = Debug;
		};
		B86F59032CC3670A004F4933 /* Release */ = {
			isa = XCBuildConfiguration;
			buildSettings = {
				ASSETCATALOG_COMPILER_APPICON_NAME = AppIcon;
				ASSETCATALOG_COMPILER_GLOBAL_ACCENT_COLOR_NAME = AccentColor;
				CODE_SIGN_STYLE = Automatic;
				CURRENT_PROJECT_VERSION = 1;
				DEVELOPMENT_ASSET_PATHS = "\"FlashcardApp/Preview Content\"";
				ENABLE_PREVIEWS = YES;
				GENERATE_INFOPLIST_FILE = YES;
				INFOPLIST_KEY_UIApplicationSceneManifest_Generation = YES;
				INFOPLIST_KEY_UIApplicationSupportsIndirectInputEvents = YES;
				INFOPLIST_KEY_UILaunchScreen_Generation = YES;
				INFOPLIST_KEY_UISupportedInterfaceOrientations_iPad = "UIInterfaceOrientationPortrait UIInterfaceOrientationPortraitUpsideDown UIInterfaceOrientationLandscapeLeft UIInterfaceOrientationLandscapeRight";
				INFOPLIST_KEY_UISupportedInterfaceOrientations_iPhone = "UIInterfaceOrientationPortrait UIInterfaceOrientationLandscapeLeft UIInterfaceOrientationLandscapeRight";
				LD_RUNPATH_SEARCH_PATHS = (
					"$(inherited)",
					"@executable_path/Frameworks",
				);
				MARKETING_VERSION = 1.0;
				PRODUCT_BUNDLE_IDENTIFIER = ABC.FlashcardApp;
				PRODUCT_NAME = "$(TARGET_NAME)";
				SWIFT_EMIT_LOC_STRINGS = YES;
				SWIFT_VERSION = 5.0;
				TARGETED_DEVICE_FAMILY = "1,2";
			};
			name = Release;
		};
		B86F59052CC3670A004F4933 /* Debug */ = {
			isa = XCBuildConfiguration;
			buildSettings = {
				ALWAYS_EMBED_SWIFT_STANDARD_LIBRARIES = YES;
				BUNDLE_LOADER = "$(TEST_HOST)";
				CODE_SIGN_STYLE = Automatic;
				CURRENT_PROJECT_VERSION = 1;
				GENERATE_INFOPLIST_FILE = YES;
				IPHONEOS_DEPLOYMENT_TARGET = 17.5;
				MARKETING_VERSION = 1.0;
				PRODUCT_BUNDLE_IDENTIFIER = ABC.FlashcardAppTests;
				PRODUCT_NAME = "$(TARGET_NAME)";
				SWIFT_EMIT_LOC_STRINGS = NO;
				SWIFT_VERSION = 5.0;
				TARGETED_DEVICE_FAMILY = "1,2";
				TEST_HOST = "$(BUILT_PRODUCTS_DIR)/FlashcardApp.app/$(BUNDLE_EXECUTABLE_FOLDER_PATH)/FlashcardApp";
			};
			name = Debug;
		};
		B86F59062CC3670A004F4933 /* Release */ = {
			isa = XCBuildConfiguration;
			buildSettings = {
				ALWAYS_EMBED_SWIFT_STANDARD_LIBRARIES = YES;
				BUNDLE_LOADER = "$(TEST_HOST)";
				CODE_SIGN_STYLE = Automatic;
				CURRENT_PROJECT_VERSION = 1;
				GENERATE_INFOPLIST_FILE = YES;
				IPHONEOS_DEPLOYMENT_TARGET = 17.5;
				MARKETING_VERSION = 1.0;
				PRODUCT_BUNDLE_IDENTIFIER = ABC.FlashcardAppTests;
				PRODUCT_NAME = "$(TARGET_NAME)";
				SWIFT_EMIT_LOC_STRINGS = NO;
				SWIFT_VERSION = 5.0;
				TARGETED_DEVICE_FAMILY = "1,2";
				TEST_HOST = "$(BUILT_PRODUCTS_DIR)/FlashcardApp.app/$(BUNDLE_EXECUTABLE_FOLDER_PATH)/FlashcardApp";
			};
			name = Release;
		};
		B86F59082CC3670A004F4933 /* Debug */ = {
			isa = XCBuildConfiguration;
			buildSettings = {
				ALWAYS_EMBED_SWIFT_STANDARD_LIBRARIES = YES;
				CODE_SIGN_STYLE = Automatic;
				CURRENT_PROJECT_VERSION = 1;
				GENERATE_INFOPLIST_FILE = YES;
				MARKETING_VERSION = 1.0;
				PRODUCT_BUNDLE_IDENTIFIER = ABC.FlashcardAppUITests;
				PRODUCT_NAME = "$(TARGET_NAME)";
				SWIFT_EMIT_LOC_STRINGS = NO;
				SWIFT_VERSION = 5.0;
				TARGETED_DEVICE_FAMILY = "1,2";
				TEST_TARGET_NAME = FlashcardApp;
			};
			name = Debug;
		};
		B86F59092CC3670A004F4933 /* Release */ = {
			isa = XCBuildConfiguration;
			buildSettings = {
				ALWAYS_EMBED_SWIFT_STANDARD_LIBRARIES = YES;
				CODE_SIGN_STYLE = Automatic;
				CURRENT_PROJECT_VERSION = 1;
				GENERATE_INFOPLIST_FILE = YES;
				MARKETING_VERSION = 1.0;
				PRODUCT_BUNDLE_IDENTIFIER = ABC.FlashcardAppUITests;
				PRODUCT_NAME = "$(TARGET_NAME)";
				SWIFT_EMIT_LOC_STRINGS = NO;
				SWIFT_VERSION = 5.0;
				TARGETED_DEVICE_FAMILY = "1,2";
				TEST_TARGET_NAME = FlashcardApp;
			};
			name = Release;
		};
/* End XCBuildConfiguration section */

/* Begin XCConfigurationList section */
		B86F58D32CC36705004F4933 /* Build configuration list for PBXProject "FlashcardApp" */ = {
			isa = XCConfigurationList;
			buildConfigurations = (
				B86F58FF2CC3670A004F4933 /* Debug */,
				B86F59002CC3670A004F4933 /* Release */,
			);
			defaultConfigurationIsVisible = 0;
			defaultConfigurationName = Release;
		};
		B86F59012CC3670A004F4933 /* Build configuration list for PBXNativeTarget "FlashcardApp" */ = {
			isa = XCConfigurationList;
			buildConfigurations = (
				B86F59022CC3670A004F4933 /* Debug */,
				B86F59032CC3670A004F4933 /* Release */,
			);
			defaultConfigurationIsVisible = 0;
			defaultConfigurationName = Release;
		};
		B86F59042CC3670A004F4933 /* Build configuration list for PBXNativeTarget "FlashcardAppTests" */ = {
			isa = XCConfigurationList;
			buildConfigurations = (
				B86F59052CC3670A004F4933 /* Debug */,
				B86F59062CC3670A004F4933 /* Release */,
			);
			defaultConfigurationIsVisible = 0;
			defaultConfigurationName = Release;
		};
		B86F59072CC3670A004F4933 /* Build configuration list for PBXNativeTarget "FlashcardAppUITests" */ = {
			isa = XCConfigurationList;
			buildConfigurations = (
				B86F59082CC3670A004F4933 /* Debug */,
				B86F59092CC3670A004F4933 /* Release */,
			);
			defaultConfigurationIsVisible = 0;
			defaultConfigurationName = Release;
		};
/* End XCConfigurationList section */

/* Begin XCVersionGroup section */
		B86F58E62CC36709004F4933 /* FlashcardApp.xcdatamodeld */ = {
			isa = XCVersionGroup;
			children = (
				B86F58E72CC36709004F4933 /* FlashcardApp.xcdatamodel */,
			);
			currentVersion = B86F58E72CC36709004F4933 /* FlashcardApp.xcdatamodel */;
			path = FlashcardApp.xcdatamodeld;
			sourceTree = "<group>";
			versionGroupType = wrapper.xcdatamodel;
		};
/* End XCVersionGroup section */
	};
	rootObject = B86F58D02CC36705004F4933 /* Project object */;
}
